{
  "name": "cloud-functions-metrics-service",
  "version": "0.2.0",
  "lockfileVersion": 1,
  "requires": true,
  "dependencies": {
    "@types/node": {
      "version": "8.5.8",
      "resolved": "https://registry.npmjs.org/@types/node/-/node-8.5.8.tgz",
      "integrity": "sha512-8KmlRxwbKZfjUHFIt3q8TF5S2B+/E5BaAoo/3mgc5h6FJzqxXkCK/VMetO+IRDtwtU6HUvovHMBn+XRj7SV9Qg=="
    },
    "@types/swagger-schema-official": {
      "version": "2.0.8",
      "resolved": "https://registry.npmjs.org/@types/swagger-schema-official/-/swagger-schema-official-2.0.8.tgz",
      "integrity": "sha512-pZEwMcTChvw9YLNnqpLu/eTCR+BPG0Ej2qq/H4XU+3cRqtgnbzIFRtvHSd+tkb3o3/NqD5rqc188jstSkJUOvA=="
    },
    "debug": {
      "version": "2.6.9",
      "resolved": "https://registry.npmjs.org/debug/-/debug-2.6.9.tgz",
      "integrity": "sha512-bC7ElrdJaJnPbAP+1EotYvqZsb3ecl5wi6Bfi6BJTUcNowp6cvspg0jXznRTKDjm/E7AdgFBVeAPVMNcKGsHMA==",
      "requires": {
        "ms": "2.0.0"
      }
    },
    "encoding": {
      "version": "0.1.12",
      "resolved": "https://registry.npmjs.org/encoding/-/encoding-0.1.12.tgz",
      "integrity": "sha1-U4tm8+5izRq1HsMjgp0flIDHS+s=",
      "requires": {
        "iconv-lite": "0.4.19"
      }
    },
    "ibm-cloud-monitoring": {
      "version": "0.1.0",
      "resolved": "https://registry.npmjs.org/ibm-cloud-monitoring/-/ibm-cloud-monitoring-0.1.0.tgz",
      "integrity": "sha512-wC7d9zsT8tVCYkqmAuZ2dRizPbrKpusI+a55Y4VdsAwbchYcSUMND9JWKEMXOyQlcr0WDcUc3Ef8ipYfYexy/A==",
      "requires": {
        "node-fetch": "1.7.3"
      }
    },
    "iconv-lite": {
      "version": "0.4.19",
      "resolved": "https://registry.npmjs.org/iconv-lite/-/iconv-lite-0.4.19.tgz",
      "integrity": "sha512-oTZqweIP51xaGPI4uPa56/Pri/480R+mo7SeU+YETByQNhDG55ycFyNLIgta9vXhILrxXDmF7ZGhqZIcuN0gJQ=="
    },
    "is-stream": {
      "version": "1.1.0",
      "resolved": "https://registry.npmjs.org/is-stream/-/is-stream-1.1.0.tgz",
      "integrity": "sha1-EtSj3U5o4Lec6428hBc66A2RykQ="
    },
    "ms": {
      "version": "2.0.0",
      "resolved": "https://registry.npmjs.org/ms/-/ms-2.0.0.tgz",
      "integrity": "sha1-VgiurfwAvmwpAd9fmGF4jeDVl8g="
    },
    "needle": {
      "version": "2.1.0",
      "resolved": "https://registry.npmjs.org/needle/-/needle-2.1.0.tgz",
      "integrity": "sha1-VKzrrZzBoRgizZylIvt8ExxYP6Q=",
      "requires": {
        "debug": "2.6.9",
        "iconv-lite": "0.4.19"
      }
    },
    "node-fetch": {
      "version": "1.7.3",
      "resolved": "https://registry.npmjs.org/node-fetch/-/node-fetch-1.7.3.tgz",
      "integrity": "sha512-NhZ4CsKx7cYm2vSrBAr2PvFOe6sWDf0UYLRqA6svUYg7+/TSfVAu49jYC4BvQ4Sms9SZgdqGBgroqfDhJdTyKQ==",
      "requires": {
        "encoding": "0.1.12",
        "is-stream": "1.1.0"
      }
    },
    "openwhisk": {
      "version": "3.11.0",
      "resolved": "https://registry.npmjs.org/openwhisk/-/openwhisk-3.11.0.tgz",
      "integrity": "sha1-8KH3/hyswScLeHDGtH1IU9GXc9M=",
      "requires": {
        "@types/node": "8.5.8",
        "@types/swagger-schema-official": "2.0.8",
        "needle": "2.1.0"
      }
    }
  }
}
